
Microsoft Visual Studio Solution File, Format Version 12.00
# Visual Studio 15
VisualStudioVersion = 15.0.28010.2026
MinimumVisualStudioVersion = 10.0.40219.1
Project("{FAE04EC0-301F-11D3-BF4B-00C04F79EFBC}") = "PhysicsExperiment", "PhysicsExperiment\PhysicsExperiment.csproj", "{7718F79B-AD55-4CBE-AE48-F1EA1F94F5CB}"
EndProject
Project("{FAE04EC0-301F-11D3-BF4B-00C04F79EFBC}") = "DesignParser", "DesignParser\DesignParser.csproj", "{0B4F0617-5502-4364-95C1-25CA37A9D558}"
EndProject
Global
	GlobalSection(SolutionConfigurationPlatforms) = preSolution
		Debug|Any CPU = Debug|Any CPU
		Release|Any CPU = Release|Any CPU
	EndGlobalSection
	GlobalSection(ProjectConfigurationPlatforms) = postSolution
		{7718F79B-AD55-4CBE-AE48-F1EA1F94F5CB}.Debug|Any CPU.ActiveCfg = Debug|Any CPU
		{7718F79B-AD55-4CBE-AE48-F1EA1F94F5CB}.Debug|Any CPU.Build.0 = Debug|Any CPU
		{7718F79B-AD55-4CBE-AE48-F1EA1F94F5CB}.Release|Any CPU.ActiveCfg = Release|Any CPU
		{7718F79B-AD55-4CBE-AE48-F1EA1F94F5CB}.Release|Any CPU.Build.0 = Release|Any CPU
		{0B4F0617-5502-4364-95C1-25CA37A9D558}.Debug|Any CPU.ActiveCfg = Debug|Any CPU
		{0B4F0617-5502-4364-95C1-25CA37A9D558}.Debug|Any CPU.Build.0 = Debug|Any CPU
		{0B4F0617-5502-4364-95C1-25CA37A9D558}.Release|Any CPU.ActiveCfg = Release|Any CPU
		{0B4F0617-5502-4364-95C1-25CA37A9D558}.Release|Any CPU.Build.0 = Release|Any CPU
	EndGlobalSection
	GlobalSection(SolutionProperties) = preSolution
		HideSolutionNode = FALSE
	EndGlobalSection
	GlobalSection(ExtensibilityGlobals) = postSolution
		SolutionGuid = {91420241-ABBB-4043-B12F-62D48C9AD743}
	EndGlobalSection
EndGlobal
